
Microsoft Visual Studio Solution File, Format Version 12.00
Project("{FAE04EC0-301F-11D3-BF4B-00C04F79EFBC}") = "TimeForge.Web", "TimeForge.Web\TimeForge.Web.csproj", "{E43C3865-B9F7-47F4-BB3E-844288505941}"
EndProject
Project("{2150E333-8FDC-42A3-9474-1A3956D46DE8}") = "Web", "Web", "{EA51AA5F-C027-4FBD-922F-8C1377B0963A}"
EndProject
Project("{2150E333-8FDC-42A3-9474-1A3956D46DE8}") = "Data", "Data", "{07C43D3E-7C51-4156-8EE1-0BF4A9E5F122}"
EndProject
Project("{2150E333-8FDC-42A3-9474-1A3956D46DE8}") = "Services", "Services", "{57566246-7976-4FF0-8968-76BE6368CFB9}"
EndProject
Project("{2150E333-8FDC-42A3-9474-1A3956D46DE8}") = "Tests", "Tests", "{6EC17A41-2247-49BD-A304-1BBE9F1FE150}"
EndProject
Project("{FAE04EC0-301F-11D3-BF4B-00C04F79EFBC}") = "TimeForge.Models", "TimeForge.Models\TimeForge.Models.csproj", "{0C04B2F9-4051-482A-83F4-8F98F935A4A3}"
EndProject
Project("{FAE04EC0-301F-11D3-BF4B-00C04F79EFBC}") = "TimeForge.Infrastructure", "TimeForge.Infrastructure\TimeForge.Infrastructure.csproj", "{D89FCD23-6C4A-425B-907D-FE446552DAB9}"
EndProject
Project("{FAE04EC0-301F-11D3-BF4B-00C04F79EFBC}") = "TimeForge.ViewModels", "TimeForge.ViewModels\TimeForge.ViewModels.csproj", "{0DFBB040-F3C2-4F48-A1D9-AC27F00EA35F}"
EndProject
Project("{FAE04EC0-301F-11D3-BF4B-00C04F79EFBC}") = "TimeForge.Services", "TimeForge.Services\TimeForge.Services.csproj", "{1F1780E9-D73E-4414-9F49-EED95F09C7C1}"
EndProject
Global
	GlobalSection(SolutionConfigurationPlatforms) = preSolution
		Debug|Any CPU = Debug|Any CPU
		Release|Any CPU = Release|Any CPU
	EndGlobalSection
	GlobalSection(ProjectConfigurationPlatforms) = postSolution
		{E43C3865-B9F7-47F4-BB3E-844288505941}.Debug|Any CPU.ActiveCfg = Debug|Any CPU
		{E43C3865-B9F7-47F4-BB3E-844288505941}.Debug|Any CPU.Build.0 = Debug|Any CPU
		{E43C3865-B9F7-47F4-BB3E-844288505941}.Release|Any CPU.ActiveCfg = Release|Any CPU
		{E43C3865-B9F7-47F4-BB3E-844288505941}.Release|Any CPU.Build.0 = Release|Any CPU
		{0C04B2F9-4051-482A-83F4-8F98F935A4A3}.Debug|Any CPU.ActiveCfg = Debug|Any CPU
		{0C04B2F9-4051-482A-83F4-8F98F935A4A3}.Debug|Any CPU.Build.0 = Debug|Any CPU
		{0C04B2F9-4051-482A-83F4-8F98F935A4A3}.Release|Any CPU.ActiveCfg = Release|Any CPU
		{0C04B2F9-4051-482A-83F4-8F98F935A4A3}.Release|Any CPU.Build.0 = Release|Any CPU
		{D89FCD23-6C4A-425B-907D-FE446552DAB9}.Debug|Any CPU.ActiveCfg = Debug|Any CPU
		{D89FCD23-6C4A-425B-907D-FE446552DAB9}.Debug|Any CPU.Build.0 = Debug|Any CPU
		{D89FCD23-6C4A-425B-907D-FE446552DAB9}.Release|Any CPU.ActiveCfg = Release|Any CPU
		{D89FCD23-6C4A-425B-907D-FE446552DAB9}.Release|Any CPU.Build.0 = Release|Any CPU
		{0DFBB040-F3C2-4F48-A1D9-AC27F00EA35F}.Debug|Any CPU.ActiveCfg = Debug|Any CPU
		{0DFBB040-F3C2-4F48-A1D9-AC27F00EA35F}.Debug|Any CPU.Build.0 = Debug|Any CPU
		{0DFBB040-F3C2-4F48-A1D9-AC27F00EA35F}.Release|Any CPU.ActiveCfg = Release|Any CPU
		{0DFBB040-F3C2-4F48-A1D9-AC27F00EA35F}.Release|Any CPU.Build.0 = Release|Any CPU
		{1F1780E9-D73E-4414-9F49-EED95F09C7C1}.Debug|Any CPU.ActiveCfg = Debug|Any CPU
		{1F1780E9-D73E-4414-9F49-EED95F09C7C1}.Debug|Any CPU.Build.0 = Debug|Any CPU
		{1F1780E9-D73E-4414-9F49-EED95F09C7C1}.Release|Any CPU.ActiveCfg = Release|Any CPU
		{1F1780E9-D73E-4414-9F49-EED95F09C7C1}.Release|Any CPU.Build.0 = Release|Any CPU
	EndGlobalSection
	GlobalSection(NestedProjects) = preSolution
		{E43C3865-B9F7-47F4-BB3E-844288505941} = {EA51AA5F-C027-4FBD-922F-8C1377B0963A}
		{0C04B2F9-4051-482A-83F4-8F98F935A4A3} = {07C43D3E-7C51-4156-8EE1-0BF4A9E5F122}
		{D89FCD23-6C4A-425B-907D-FE446552DAB9} = {07C43D3E-7C51-4156-8EE1-0BF4A9E5F122}
		{0DFBB040-F3C2-4F48-A1D9-AC27F00EA35F} = {EA51AA5F-C027-4FBD-922F-8C1377B0963A}
		{1F1780E9-D73E-4414-9F49-EED95F09C7C1} = {57566246-7976-4FF0-8968-76BE6368CFB9}
	EndGlobalSection
EndGlobal
