
Microsoft Visual Studio Solution File, Format Version 12.00
#
Project("{2150E333-8FDC-42A3-9474-1A3956D46DE8}") = "Domain", "Domain", "{07C43D3E-7C51-4156-8EE1-0BF4A9E5F122}"
EndProject
Project("{2150E333-8FDC-42A3-9474-1A3956D46DE8}") = "Tests", "Tests", "{6EC17A41-2247-49BD-A304-1BBE9F1FE150}"
EndProject
Project("{FAE04EC0-301F-11D3-BF4B-00C04F79EFBC}") = "TimeForge.Models", "TimeForge.Models\TimeForge.Models.csproj", "{0C04B2F9-4051-482A-83F4-8F98F935A4A3}"
EndProject
Project("{2150E333-8FDC-42A3-9474-1A3956D46DE8}") = "Common", "Common", "{0C04F569-9BB3-4AF5-B212-ED2C54EC2642}"
EndProject
Project("{FAE04EC0-301F-11D3-BF4B-00C04F79EFBC}") = "TimeForge.Common", "TimeForge.Common\TimeForge.Common.csproj", "{30BBA237-D767-4717-BBAA-34CE1CA84B58}"
EndProject
Project("{FAE04EC0-301F-11D3-BF4B-00C04F79EFBC}") = "TimeForge.Database", "Database\TimeForge.Database.csproj", "{750373AF-5DBB-4120-867A-D74A12B96934}"
EndProject
Project("{2150E333-8FDC-42A3-9474-1A3956D46DE8}") = "Api", "Api", "{993B3487-4F13-42FE-8FA2-7EE357871234}"
EndProject
Project("{FAE04EC0-301F-11D3-BF4B-00C04F79EFBC}") = "TimeForge.Api", "TimeForge.Api\TimeForge.Api.csproj", "{30B3D9B2-5C49-4476-9B95-B0B653AB68ED}"
EndProject
Project("{FAE04EC0-301F-11D3-BF4B-00C04F79EFBC}") = "TimeForge.Tests", "TimeForge.Tests\TimeForge.Tests.csproj", "{3849C185-0F51-42D7-BBEF-C3541976F0CE}"
EndProject
Global
	GlobalSection(SolutionConfigurationPlatforms) = preSolution
		Debug|Any CPU = Debug|Any CPU
		Release|Any CPU = Release|Any CPU
	EndGlobalSection
	GlobalSection(ProjectConfigurationPlatforms) = postSolution
		{0C04B2F9-4051-482A-83F4-8F98F935A4A3}.Debug|Any CPU.ActiveCfg = Debug|Any CPU
		{0C04B2F9-4051-482A-83F4-8F98F935A4A3}.Debug|Any CPU.Build.0 = Debug|Any CPU
		{0C04B2F9-4051-482A-83F4-8F98F935A4A3}.Release|Any CPU.ActiveCfg = Release|Any CPU
		{0C04B2F9-4051-482A-83F4-8F98F935A4A3}.Release|Any CPU.Build.0 = Release|Any CPU
		{30BBA237-D767-4717-BBAA-34CE1CA84B58}.Debug|Any CPU.ActiveCfg = Debug|Any CPU
		{30BBA237-D767-4717-BBAA-34CE1CA84B58}.Debug|Any CPU.Build.0 = Debug|Any CPU
		{30BBA237-D767-4717-BBAA-34CE1CA84B58}.Release|Any CPU.ActiveCfg = Release|Any CPU
		{30BBA237-D767-4717-BBAA-34CE1CA84B58}.Release|Any CPU.Build.0 = Release|Any CPU
		{750373AF-5DBB-4120-867A-D74A12B96934}.Debug|Any CPU.ActiveCfg = Debug|Any CPU
		{750373AF-5DBB-4120-867A-D74A12B96934}.Debug|Any CPU.Build.0 = Debug|Any CPU
		{750373AF-5DBB-4120-867A-D74A12B96934}.Release|Any CPU.ActiveCfg = Release|Any CPU
		{750373AF-5DBB-4120-867A-D74A12B96934}.Release|Any CPU.Build.0 = Release|Any CPU
		{30B3D9B2-5C49-4476-9B95-B0B653AB68ED}.Debug|Any CPU.ActiveCfg = Debug|Any CPU
		{30B3D9B2-5C49-4476-9B95-B0B653AB68ED}.Debug|Any CPU.Build.0 = Debug|Any CPU
		{30B3D9B2-5C49-4476-9B95-B0B653AB68ED}.Release|Any CPU.ActiveCfg = Release|Any CPU
		{30B3D9B2-5C49-4476-9B95-B0B653AB68ED}.Release|Any CPU.Build.0 = Release|Any CPU
		{3849C185-0F51-42D7-BBEF-C3541976F0CE}.Debug|Any CPU.ActiveCfg = Debug|Any CPU
		{3849C185-0F51-42D7-BBEF-C3541976F0CE}.Debug|Any CPU.Build.0 = Debug|Any CPU
		{3849C185-0F51-42D7-BBEF-C3541976F0CE}.Release|Any CPU.ActiveCfg = Release|Any CPU
		{3849C185-0F51-42D7-BBEF-C3541976F0CE}.Release|Any CPU.Build.0 = Release|Any CPU
	EndGlobalSection
	GlobalSection(SolutionProperties) = preSolution
		HideSolutionNode = FALSE
	EndGlobalSection
	GlobalSection(NestedProjects) = preSolution
		{0C04B2F9-4051-482A-83F4-8F98F935A4A3} = {07C43D3E-7C51-4156-8EE1-0BF4A9E5F122}
		{30BBA237-D767-4717-BBAA-34CE1CA84B58} = {0C04F569-9BB3-4AF5-B212-ED2C54EC2642}
		{30B3D9B2-5C49-4476-9B95-B0B653AB68ED} = {993B3487-4F13-42FE-8FA2-7EE357871234}
		{3849C185-0F51-42D7-BBEF-C3541976F0CE} = {6EC17A41-2247-49BD-A304-1BBE9F1FE150}
	EndGlobalSection
EndGlobal
